github.com/google/uuid v1.3.1 h1:KjJaJ9iWZ3jOFZIf1Lqf4laDRCasjl0BCmnEGxkdLb4=
github.com/google/uuid v1.3.1/go.mod h1:TIyPZe4MgqvfeYDBFedMoGGpEw/LqOeaOT+nhxU+yHo=
github.com/gorilla/mux v1.8.0 h1:i40aqfkR1h2SlN9hojwV5ZA91wcXFOvkdNIeFDP5koI=
github.com/gorilla/mux v1.8.0/go.mod h1:DVbg23sWSpFRCP0SfiEN6jmj59UnW/n46BH5rLB71So=
github.com/gorilla/websocket v1.5.1 h1:gmztn0JnHVt9JZquRuzLw3g4wouNVzKL15iLr/zn/QY=
github.com/gorilla/websocket v1.5.1/go.mod h1:x3kM2JMyaluk02fnUJpQuwD2dCS5NDG2ZHL0uE0tcaY=
gitlab.com/ggpack/logchain-go v1.1.0 h1:6Kj+eN+bza1Qg3ZKFq1RFUM8uSQUENtlvp2La+jRKEk=
gitlab.com/ggpack/logchain-go v1.1.0/go.mod h1:cq1tOAWuP9Zc1HNR/tftXE9opEJJUXZGhPNlCWjE0mA=
gitlab.com/ggpack/monkey v1.1.0/go.mod h1:7KtyFOGvOD2enbyKqGNrwO90DnBkI+UlRZPS6oJMUok=
gitlab.com/ggpack/webstream v0.0.4 h1:X1lCGKv8qttoU8okuLtRWD7Nm8Nw7s+i08mXIrEFFPk=
gitlab.com/ggpack/webstream v0.0.4/go.mod h1:ezzmgIrmqLylpChfh31OjVoCMvfYzpm5TohFJQ8XLTw=
golang.org/x/net v0.17.0 h1:pVaXccu2ozPjCXewfr1S7xza/zcXTity9cCdXQYSjIM=
golang.org/x/net v0.17.0/go.mod h1:NxSsAGuq816PNPmqtQdLE42eU2Fs7NoRIZrHJAlaCOE=
gopkg.in/check.v1 v0.0.0-20161208181325-20d25e280405/go.mod h1:Co6ibVJAznAaIkqp8huTwlJQCZ016jof/cbN4VW5Yz0=
gopkg.in/yaml.v3 v3.0.1 h1:fxVm/GzAzEWqLHuvctI91KS9hhNmmWOoWu0XTYJS7CA=
gopkg.in/yaml.v3 v3.0.1/go.mod h1:K4uyk7z7BCEPqu6E+C64Yfv1cQ7kz7rIZviUmN+EgEM=
